
Microsoft Visual Studio Solution File, Format Version 12.00
# Visual Studio 15
VisualStudioVersion = 15.0.27428.2005
MinimumVisualStudioVersion = 10.0.40219.1
Project("{9A19103F-16F7-4668-BE54-9A1E7A4F7556}") = "DapperUnitOfWork", "DapperUnitOfWork\DapperUnitOfWork.csproj", "{E576011E-EC29-480D-ABA7-ADAC51E02334}"
EndProject
Project("{2150E333-8FDC-42A3-9474-1A3956D46DE8}") = "src", "src", "{06FCD6D3-2A3E-4E55-BE07-0E5BD67635F9}"
EndProject
Project("{2150E333-8FDC-42A3-9474-1A3956D46DE8}") = "test", "test", "{EA394ADD-801B-4312-AE8D-7C5E49C62E49}"
EndProject
Project("{9A19103F-16F7-4668-BE54-9A1E7A4F7556}") = "DapperUnitOfWork.UnitTests", "DapperUnitOfWork.UnitTests\DapperUnitOfWork.UnitTests.csproj", "{7213A1B4-A3C5-49B9-9F2D-05E4CDC6D959}"
EndProject
Project("{2150E333-8FDC-42A3-9474-1A3956D46DE8}") = "samples", "samples", "{94B7758F-CCDD-4ECE-A1C6-40899048522C}"
EndProject
Project("{9A19103F-16F7-4668-BE54-9A1E7A4F7556}") = "DapperUnitOfWork.Samples.Shared", "DapperUnitOfWork.Samples.Shared\DapperUnitOfWork.Samples.Shared.csproj", "{230426C7-44CC-487D-B283-8BA2184D5E87}"
EndProject
Project("{FAE04EC0-301F-11D3-BF4B-00C04F79EFBC}") = "DapperUnitOfWork.NetCore.SingleDbContextUnitOfWork.ConsoleClient", "DapperUnitOfWork.NetCore.SingleDbContextUnitOfWork.ConsoleClient\DapperUnitOfWork.NetCore.SingleDbContextUnitOfWork.ConsoleClient.csproj", "{136A414D-B67E-4EBE-9B68-16F063C647CE}"
EndProject
Global
	GlobalSection(SolutionConfigurationPlatforms) = preSolution
		Debug|Any CPU = Debug|Any CPU
		Release|Any CPU = Release|Any CPU
	EndGlobalSection
	GlobalSection(ProjectConfigurationPlatforms) = postSolution
		{E576011E-EC29-480D-ABA7-ADAC51E02334}.Debug|Any CPU.ActiveCfg = Debug|Any CPU
		{E576011E-EC29-480D-ABA7-ADAC51E02334}.Debug|Any CPU.Build.0 = Debug|Any CPU
		{E576011E-EC29-480D-ABA7-ADAC51E02334}.Release|Any CPU.ActiveCfg = Release|Any CPU
		{E576011E-EC29-480D-ABA7-ADAC51E02334}.Release|Any CPU.Build.0 = Release|Any CPU
		{7213A1B4-A3C5-49B9-9F2D-05E4CDC6D959}.Debug|Any CPU.ActiveCfg = Debug|Any CPU
		{7213A1B4-A3C5-49B9-9F2D-05E4CDC6D959}.Debug|Any CPU.Build.0 = Debug|Any CPU
		{7213A1B4-A3C5-49B9-9F2D-05E4CDC6D959}.Release|Any CPU.ActiveCfg = Release|Any CPU
		{7213A1B4-A3C5-49B9-9F2D-05E4CDC6D959}.Release|Any CPU.Build.0 = Release|Any CPU
		{230426C7-44CC-487D-B283-8BA2184D5E87}.Debug|Any CPU.ActiveCfg = Debug|Any CPU
		{230426C7-44CC-487D-B283-8BA2184D5E87}.Debug|Any CPU.Build.0 = Debug|Any CPU
		{230426C7-44CC-487D-B283-8BA2184D5E87}.Release|Any CPU.ActiveCfg = Release|Any CPU
		{230426C7-44CC-487D-B283-8BA2184D5E87}.Release|Any CPU.Build.0 = Release|Any CPU
		{136A414D-B67E-4EBE-9B68-16F063C647CE}.Debug|Any CPU.ActiveCfg = Debug|Any CPU
		{136A414D-B67E-4EBE-9B68-16F063C647CE}.Debug|Any CPU.Build.0 = Debug|Any CPU
		{136A414D-B67E-4EBE-9B68-16F063C647CE}.Release|Any CPU.ActiveCfg = Release|Any CPU
		{136A414D-B67E-4EBE-9B68-16F063C647CE}.Release|Any CPU.Build.0 = Release|Any CPU
	EndGlobalSection
	GlobalSection(SolutionProperties) = preSolution
		HideSolutionNode = FALSE
	EndGlobalSection
	GlobalSection(NestedProjects) = preSolution
		{E576011E-EC29-480D-ABA7-ADAC51E02334} = {06FCD6D3-2A3E-4E55-BE07-0E5BD67635F9}
		{7213A1B4-A3C5-49B9-9F2D-05E4CDC6D959} = {EA394ADD-801B-4312-AE8D-7C5E49C62E49}
		{230426C7-44CC-487D-B283-8BA2184D5E87} = {94B7758F-CCDD-4ECE-A1C6-40899048522C}
		{136A414D-B67E-4EBE-9B68-16F063C647CE} = {94B7758F-CCDD-4ECE-A1C6-40899048522C}
	EndGlobalSection
	GlobalSection(ExtensibilityGlobals) = postSolution
		SolutionGuid = {7CC0131A-1CF9-44F7-85AD-D4EC9C2AFE4E}
	EndGlobalSection
EndGlobal
